
Microsoft Visual Studio Solution File, Format Version 12.00
# Visual Studio Version 16
VisualStudioVersion = 16.0.29411.108
MinimumVisualStudioVersion = 10.0.40219.1
Project("{FAE04EC0-301F-11D3-BF4B-00C04F79EFBC}") = "LRMDataMAnager", "LRMDataMAnager\LRMDataMAnager.csproj", "{34CDF490-CFBE-4B8A-8E67-A9B1D9FF8EFE}"
EndProject
Global
	GlobalSection(SolutionConfigurationPlatforms) = preSolution
		Debug|Any CPU = Debug|Any CPU
		Release|Any CPU = Release|Any CPU
	EndGlobalSection
	GlobalSection(ProjectConfigurationPlatforms) = postSolution
		{34CDF490-CFBE-4B8A-8E67-A9B1D9FF8EFE}.Debug|Any CPU.ActiveCfg = Debug|Any CPU
		{34CDF490-CFBE-4B8A-8E67-A9B1D9FF8EFE}.Debug|Any CPU.Build.0 = Debug|Any CPU
		{34CDF490-CFBE-4B8A-8E67-A9B1D9FF8EFE}.Release|Any CPU.ActiveCfg = Release|Any CPU
		{34CDF490-CFBE-4B8A-8E67-A9B1D9FF8EFE}.Release|Any CPU.Build.0 = Release|Any CPU
	EndGlobalSection
	GlobalSection(SolutionProperties) = preSolution
		HideSolutionNode = FALSE
	EndGlobalSection
	GlobalSection(ExtensibilityGlobals) = postSolution
		SolutionGuid = {9F8C5BC4-99F4-47DB-B41B-BED797829284}
	EndGlobalSection
EndGlobal
